
Microsoft Visual Studio Solution File, Format Version 12.00
# Visual Studio Version 17
VisualStudioVersion = 17.9.34728.123
MinimumVisualStudioVersion = 10.0.40219.1
Project("{9A19103F-16F7-4668-BE54-9A1E7A4F7556}") = "ModelCache", "ModelCache\ModelCache.csproj", "{B742CA6B-6E44-428D-98BE-E7C04205FE7F}"
EndProject
Project("{FAE04EC0-301F-11D3-BF4B-00C04F79EFBC}") = "ModelCache.Test", "ModelCache.Test\ModelCache.Test\ModelCache.Test.csproj", "{BCE32C97-24D6-4F46-A526-ECC7486B3D0D}"
EndProject
Global
	GlobalSection(SolutionConfigurationPlatforms) = preSolution
		Debug|Any CPU = Debug|Any CPU
		Release|Any CPU = Release|Any CPU
	EndGlobalSection
	GlobalSection(ProjectConfigurationPlatforms) = postSolution
		{B742CA6B-6E44-428D-98BE-E7C04205FE7F}.Debug|Any CPU.ActiveCfg = Debug|Any CPU
		{B742CA6B-6E44-428D-98BE-E7C04205FE7F}.Debug|Any CPU.Build.0 = Debug|Any CPU
		{B742CA6B-6E44-428D-98BE-E7C04205FE7F}.Release|Any CPU.ActiveCfg = Release|Any CPU
		{B742CA6B-6E44-428D-98BE-E7C04205FE7F}.Release|Any CPU.Build.0 = Release|Any CPU
		{BCE32C97-24D6-4F46-A526-ECC7486B3D0D}.Debug|Any CPU.ActiveCfg = Debug|Any CPU
		{BCE32C97-24D6-4F46-A526-ECC7486B3D0D}.Debug|Any CPU.Build.0 = Debug|Any CPU
		{BCE32C97-24D6-4F46-A526-ECC7486B3D0D}.Release|Any CPU.ActiveCfg = Release|Any CPU
		{BCE32C97-24D6-4F46-A526-ECC7486B3D0D}.Release|Any CPU.Build.0 = Release|Any CPU
	EndGlobalSection
	GlobalSection(SolutionProperties) = preSolution
		HideSolutionNode = FALSE
	EndGlobalSection
	GlobalSection(ExtensibilityGlobals) = postSolution
		SolutionGuid = {4EAA906E-F2E0-4166-A42D-A3FBC22AAEBD}
	EndGlobalSection
EndGlobal
